{
 "graph_lock": {
  "nodes": {
   "0": {
    "options": "",
    "requires": [
     "1"
    ],
    "path": "conanfile.txt",
    "context": "host"
   },
   "1": {
    "ref": "grumble/1.0.0",
    "options": "",
    "package_id": "a6d9ecd51d9301cf890b4d4bfe8a9ed7e68b81f7",
    "prev": "0",
    "context": "host"
   }
  },
  "revisions_enabled": false
 },
 "version": "0.4",
 "profile_host": "[settings]\narch=armv8\narch_build=armv8\nbuild_type=Release\ncompiler=apple-clang\ncompiler.libcxx=libc++\ncompiler.version=13.0\nos=Macos\nos_build=Macos\n[options]\n[build_requires]\n[env]\n"
}